// !$*UTF8*$!
{
	archiveVersion = 1;
	classes = {
	};
	objectVersion = 77;
	objects = {

/* Begin PBXBuildFile section */
		7DE8D4812D714B6600C06A9F /* Quartz.framework in Frameworks */ = {isa = PBXBuildFile; fileRef = 7DE8D4802D714B6600C06A9F /* Quartz.framework */; };
		7DE8D48E2D714B6600C06A9F /* QL mkv.appex in Embed Foundation Extensions */ = {isa = PBXBuildFile; fileRef = 7DE8D47E2D714B6600C06A9F /* QL mkv.appex */; settings = {ATTRIBUTES = (RemoveHeadersOnCopy, ); }; };
/* End PBXBuildFile section */

/* Begin PBXContainerItemProxy section */
		7DE8D48C2D714B6600C06A9F /* PBXContainerItemProxy */ = {
			isa = PBXContainerItemProxy;
			containerPortal = 7D9B071A2D70124D00327D49 /* Project object */;
			proxyType = 1;
			remoteGlobalIDString = 7DE8D47D2D714B6600C06A9F;
			remoteInfo = "QL mkv";
		};
/* End PBXContainerItemProxy section */

/* Begin PBXCopyFilesBuildPhase section */
		7D9B087B2D70165500327D49 /* CopyFiles */ = {
			isa = PBXCopyFilesBuildPhase;
			buildActionMask = 2147483647;
			dstPath = "";
			dstSubfolderSpec = 10;
			files = (
			);
			runOnlyForDeploymentPostprocessing = 0;
		};
		7DE8D4932D714B6600C06A9F /* Embed Foundation Extensions */ = {
			isa = PBXCopyFilesBuildPhase;
			buildActionMask = 2147483647;
			dstPath = "";
			dstSubfolderSpec = 13;
			files = (
				7DE8D48E2D714B6600C06A9F /* QL mkv.appex in Embed Foundation Extensions */,
			);
			name = "Embed Foundation Extensions";
			runOnlyForDeploymentPostprocessing = 0;
		};
		7DE8D7302D71791000C06A9F /* CopyFiles */ = {
			isa = PBXCopyFilesBuildPhase;
			buildActionMask = 2147483647;
			dstPath = "";
			dstSubfolderSpec = 10;
			files = (
			);
			runOnlyForDeploymentPostprocessing = 0;
		};
/* End PBXCopyFilesBuildPhase section */

/* Begin PBXFileReference section */
		7D9B07222D70124D00327D49 /* mkv Quicklook.app */ = {isa = PBXFileReference; explicitFileType = wrapper.application; includeInIndex = 0; path = "mkv Quicklook.app"; sourceTree = BUILT_PRODUCTS_DIR; };
		7DCD32172D83865C00A9C164 /* mkv Quicklook - 1.32 intel.zip */ = {isa = PBXFileReference; lastKnownFileType = archive.zip; path = "mkv Quicklook - 1.32 intel.zip"; sourceTree = "<group>"; };
		7DCD32182D83865C00A9C164 /* mkv Quicklook - 1.32 Silicon.zip */ = {isa = PBXFileReference; lastKnownFileType = archive.zip; path = "mkv Quicklook - 1.32 Silicon.zip"; sourceTree = "<group>"; };
		7DD1F1842D7DF2A000B75F40 /* mkv Quicklook - 1.3 intel.zip */ = {isa = PBXFileReference; lastKnownFileType = archive.zip; path = "mkv Quicklook - 1.3 intel.zip"; sourceTree = "<group>"; };
		7DD1F1852D7DF2A000B75F40 /* mkv Quicklook - 1.3 Silicon.zip */ = {isa = PBXFileReference; lastKnownFileType = archive.zip; path = "mkv Quicklook - 1.3 Silicon.zip"; sourceTree = "<group>"; };
		7DE8D47E2D714B6600C06A9F /* QL mkv.appex */ = {isa = PBXFileReference; explicitFileType = "wrapper.app-extension"; includeInIndex = 0; path = "QL mkv.appex"; sourceTree = BUILT_PRODUCTS_DIR; };
		7DE8D4802D714B6600C06A9F /* Quartz.framework */ = {isa = PBXFileReference; lastKnownFileType = wrapper.framework; name = Quartz.framework; path = System/Library/Frameworks/Quartz.framework; sourceTree = SDKROOT; };
		7DFE36B32D86085200089FB3 /* QL-every-other-formats-BETA.zip */ = {isa = PBXFileReference; lastKnownFileType = archive.zip; path = "QL-every-other-formats-BETA.zip"; sourceTree = "<group>"; };
/* End PBXFileReference section */

/* Begin PBXFileSystemSynchronizedRootGroup section */
		7D9B07242D70124D00327D49 /* mkv Quicklook */ = {
			isa = PBXFileSystemSynchronizedRootGroup;
			path = "mkv Quicklook";
			sourceTree = "<group>";
		};
		7DE8D4822D714B6600C06A9F /* QL mkv */ = {
			isa = PBXFileSystemSynchronizedRootGroup;
			path = "QL mkv";
			sourceTree = "<group>";
		};
/* End PBXFileSystemSynchronizedRootGroup section */

/* Begin PBXFrameworksBuildPhase section */
		7DE8D47B2D714B6600C06A9F /* Frameworks */ = {
			isa = PBXFrameworksBuildPhase;
			buildActionMask = 2147483647;
			files = (
				7DE8D4812D714B6600C06A9F /* Quartz.framework in Frameworks */,
			);
			runOnlyForDeploymentPostprocessing = 0;
		};
/* End PBXFrameworksBuildPhase section */

/* Begin PBXGroup section */
		7D9B07192D70124D00327D49 = {
			isa = PBXGroup;
			children = (
				7DFE36B32D86085200089FB3 /* QL-every-other-formats-BETA.zip */,
				7DCD32172D83865C00A9C164 /* mkv Quicklook - 1.32 intel.zip */,
				7DCD32182D83865C00A9C164 /* mkv Quicklook - 1.32 Silicon.zip */,
				7DD1F1842D7DF2A000B75F40 /* mkv Quicklook - 1.3 intel.zip */,
				7DD1F1852D7DF2A000B75F40 /* mkv Quicklook - 1.3 Silicon.zip */,
				7D9B07242D70124D00327D49 /* mkv Quicklook */,
				7DE8D4822D714B6600C06A9F /* QL mkv */,
				7DE8D47F2D714B6600C06A9F /* Frameworks */,
				7D9B07232D70124D00327D49 /* Products */,
			);
			sourceTree = "<group>";
		};
		7D9B07232D70124D00327D49 /* Products */ = {
			isa = PBXGroup;
			children = (
				7D9B07222D70124D00327D49 /* mkv Quicklook.app */,
				7DE8D47E2D714B6600C06A9F /* QL mkv.appex */,
			);
			name = Products;
			sourceTree = "<group>";
		};
		7DE8D47F2D714B6600C06A9F /* Frameworks */ = {
			isa = PBXGroup;
			children = (
				7DE8D4802D714B6600C06A9F /* Quartz.framework */,
			);
			name = Frameworks;
			sourceTree = "<group>";
		};
/* End PBXGroup section */

/* Begin PBXNativeTarget section */
		7D9B07212D70124D00327D49 /* mkv Quicklook */ = {
			isa = PBXNativeTarget;
			buildConfigurationList = 7D9B07312D70124E00327D49 /* Build configuration list for PBXNativeTarget "mkv Quicklook" */;
			buildPhases = (
				7D9B071E2D70124D00327D49 /* Sources */,
				7D9B07202D70124D00327D49 /* Resources */,
				7D9B087B2D70165500327D49 /* CopyFiles */,
				7DE8D4932D714B6600C06A9F /* Embed Foundation Extensions */,
			);
			buildRules = (
			);
			dependencies = (
				7DE8D48D2D714B6600C06A9F /* PBXTargetDependency */,
			);
			fileSystemSynchronizedGroups = (
				7D9B07242D70124D00327D49 /* mkv Quicklook */,
			);
			name = "mkv Quicklook";
			packageProductDependencies = (
			);
			productName = "mkv Quicklook";
			productReference = 7D9B07222D70124D00327D49 /* mkv Quicklook.app */;
			productType = "com.apple.product-type.application";
		};
		7DE8D47D2D714B6600C06A9F /* QL mkv */ = {
			isa = PBXNativeTarget;
			buildConfigurationList = 7DE8D4902D714B6600C06A9F /* Build configuration list for PBXNativeTarget "QL mkv" */;
			buildPhases = (
				7DE8D47A2D714B6600C06A9F /* Sources */,
				7DE8D47B2D714B6600C06A9F /* Frameworks */,
				7DE8D47C2D714B6600C06A9F /* Resources */,
				7DE8D7302D71791000C06A9F /* CopyFiles */,
			);
			buildRules = (
			);
			dependencies = (
			);
			fileSystemSynchronizedGroups = (
				7DE8D4822D714B6600C06A9F /* QL mkv */,
			);
			name = "QL mkv";
			packageProductDependencies = (
			);
			productName = "QL mkv";
			productReference = 7DE8D47E2D714B6600C06A9F /* QL mkv.appex */;
			productType = "com.apple.product-type.app-extension";
		};
/* End PBXNativeTarget section */

/* Begin PBXProject section */
		7D9B071A2D70124D00327D49 /* Project object */ = {
			isa = PBXProject;
			attributes = {
				BuildIndependentTargetsInParallel = 1;
				LastSwiftUpdateCheck = 1620;
				LastUpgradeCheck = 1620;
				TargetAttributes = {
					7D9B07212D70124D00327D49 = {
						CreatedOnToolsVersion = 16.2;
					};
					7DE8D47D2D714B6600C06A9F = {
						CreatedOnToolsVersion = 16.2;
					};
				};
			};
			buildConfigurationList = 7D9B071D2D70124D00327D49 /* Build configuration list for PBXProject "mkv Quicklook" */;
			developmentRegion = en;
			hasScannedForEncodings = 0;
			knownRegions = (
				en,
				Base,
			);
			mainGroup = 7D9B07192D70124D00327D49;
			minimizedProjectReferenceProxies = 1;
			preferredProjectObjectVersion = 77;
			productRefGroup = 7D9B07232D70124D00327D49 /* Products */;
			projectDirPath = "";
			projectRoot = "";
			targets = (
				7D9B07212D70124D00327D49 /* mkv Quicklook */,
				7DE8D47D2D714B6600C06A9F /* QL mkv */,
			);
		};
/* End PBXProject section */

/* Begin PBXResourcesBuildPhase section */
		7D9B07202D70124D00327D49 /* Resources */ = {
			isa = PBXResourcesBuildPhase;
			buildActionMask = 2147483647;
			files = (
			);
			runOnlyForDeploymentPostprocessing = 0;
		};
		7DE8D47C2D714B6600C06A9F /* Resources */ = {
			isa = PBXResourcesBuildPhase;
			buildActionMask = 2147483647;
			files = (
			);
			runOnlyForDeploymentPostprocessing = 0;
		};
/* End PBXResourcesBuildPhase section */

/* Begin PBXSourcesBuildPhase section */
		7D9B071E2D70124D00327D49 /* Sources */ = {
			isa = PBXSourcesBuildPhase;
			buildActionMask = 2147483647;
			files = (
			);
			runOnlyForDeploymentPostprocessing = 0;
		};
		7DE8D47A2D714B6600C06A9F /* Sources */ = {
			isa = PBXSourcesBuildPhase;
			buildActionMask = 2147483647;
			files = (
			);
			runOnlyForDeploymentPostprocessing = 0;
		};
/* End PBXSourcesBuildPhase section */

/* Begin PBXTargetDependency section */
		7DE8D48D2D714B6600C06A9F /* PBXTargetDependency */ = {
			isa = PBXTargetDependency;
			target = 7DE8D47D2D714B6600C06A9F /* QL mkv */;
			targetProxy = 7DE8D48C2D714B6600C06A9F /* PBXContainerItemProxy */;
		};
/* End PBXTargetDependency section */

/* Begin XCBuildConfiguration section */
		7D9B072F2D70124E00327D49 /* Debug */ = {
			isa = XCBuildConfiguration;
			buildSettings = {
				ALLOW_TARGET_PLATFORM_SPECIALIZATION = YES;
				ALWAYS_SEARCH_USER_PATHS = NO;
				ARCHS = "$(ARCHS_STANDARD)";
				ASSETCATALOG_COMPILER_GENERATE_SWIFT_ASSET_SYMBOL_EXTENSIONS = YES;
				CLANG_ANALYZER_NONNULL = YES;
				CLANG_ANALYZER_NUMBER_OBJECT_CONVERSION = YES_AGGRESSIVE;
				CLANG_CXX_LANGUAGE_STANDARD = "gnu++20";
				CLANG_ENABLE_MODULES = YES;
				CLANG_ENABLE_OBJC_ARC = YES;
				CLANG_ENABLE_OBJC_WEAK = YES;
				CLANG_WARN_BLOCK_CAPTURE_AUTORELEASING = YES;
				CLANG_WARN_BOOL_CONVERSION = YES;
				CLANG_WARN_COMMA = YES;
				CLANG_WARN_CONSTANT_CONVERSION = YES;
				CLANG_WARN_DEPRECATED_OBJC_IMPLEMENTATIONS = YES;
				CLANG_WARN_DIRECT_OBJC_ISA_USAGE = YES_ERROR;
				CLANG_WARN_DOCUMENTATION_COMMENTS = YES;
				CLANG_WARN_EMPTY_BODY = YES;
				CLANG_WARN_ENUM_CONVERSION = YES;
				CLANG_WARN_INFINITE_RECURSION = YES;
				CLANG_WARN_INT_CONVERSION = YES;
				CLANG_WARN_NON_LITERAL_NULL_CONVERSION = YES;
				CLANG_WARN_OBJC_IMPLICIT_RETAIN_SELF = YES;
				CLANG_WARN_OBJC_LITERAL_CONVERSION = YES;
				CLANG_WARN_OBJC_ROOT_CLASS = YES_ERROR;
				CLANG_WARN_QUOTED_INCLUDE_IN_FRAMEWORK_HEADER = YES;
				CLANG_WARN_RANGE_LOOP_ANALYSIS = YES;
				CLANG_WARN_STRICT_PROTOTYPES = YES;
				CLANG_WARN_SUSPICIOUS_MOVE = YES;
				CLANG_WARN_UNGUARDED_AVAILABILITY = YES_AGGRESSIVE;
				CLANG_WARN_UNREACHABLE_CODE = YES;
				CLANG_WARN__DUPLICATE_METHOD_MATCH = YES;
				COPY_PHASE_STRIP = NO;
				DEBUG_INFORMATION_FORMAT = dwarf;
				ENABLE_STRICT_OBJC_MSGSEND = YES;
				ENABLE_TESTABILITY = YES;
				ENABLE_USER_SCRIPT_SANDBOXING = YES;
				GCC_C_LANGUAGE_STANDARD = gnu17;
				GCC_DYNAMIC_NO_PIC = NO;
				GCC_NO_COMMON_BLOCKS = YES;
				GCC_OPTIMIZATION_LEVEL = 0;
				GCC_PREPROCESSOR_DEFINITIONS = (
					"DEBUG=1",
					"$(inherited)",
				);
				GCC_WARN_64_TO_32_BIT_CONVERSION = YES;
				GCC_WARN_ABOUT_RETURN_TYPE = YES_ERROR;
				GCC_WARN_UNDECLARED_SELECTOR = YES;
				GCC_WARN_UNINITIALIZED_AUTOS = YES_AGGRESSIVE;
				GCC_WARN_UNUSED_FUNCTION = YES;
				GCC_WARN_UNUSED_VARIABLE = YES;
				LOCALIZATION_PREFERS_STRING_CATALOGS = YES;
				MACOSX_DEPLOYMENT_TARGET = 15.1;
				MTL_ENABLE_DEBUG_INFO = INCLUDE_SOURCE;
				MTL_FAST_MATH = YES;
				ONLY_ACTIVE_ARCH = YES;
				SDKROOT = macosx;
				SWIFT_ACTIVE_COMPILATION_CONDITIONS = "DEBUG $(inherited)";
				SWIFT_OPTIMIZATION_LEVEL = "-Onone";
			};
			name = Debug;
		};
		7D9B07302D70124E00327D49 /* Release */ = {
			isa = XCBuildConfiguration;
			buildSettings = {
				ALLOW_TARGET_PLATFORM_SPECIALIZATION = YES;
				ALWAYS_SEARCH_USER_PATHS = NO;
				ARCHS = "$(ARCHS_STANDARD)";
				ASSETCATALOG_COMPILER_GENERATE_SWIFT_ASSET_SYMBOL_EXTENSIONS = YES;
				CLANG_ANALYZER_NONNULL = YES;
				CLANG_ANALYZER_NUMBER_OBJECT_CONVERSION = YES_AGGRESSIVE;
				CLANG_CXX_LANGUAGE_STANDARD = "gnu++20";
				CLANG_ENABLE_MODULES = YES;
				CLANG_ENABLE_OBJC_ARC = YES;
				CLANG_ENABLE_OBJC_WEAK = YES;
				CLANG_WARN_BLOCK_CAPTURE_AUTORELEASING = YES;
				CLANG_WARN_BOOL_CONVERSION = YES;
				CLANG_WARN_COMMA = YES;
				CLANG_WARN_CONSTANT_CONVERSION = YES;
				CLANG_WARN_DEPRECATED_OBJC_IMPLEMENTATIONS = YES;
				CLANG_WARN_DIRECT_OBJC_ISA_USAGE = YES_ERROR;
				CLANG_WARN_DOCUMENTATION_COMMENTS = YES;
				CLANG_WARN_EMPTY_BODY = YES;
				CLANG_WARN_ENUM_CONVERSION = YES;
				CLANG_WARN_INFINITE_RECURSION = YES;
				CLANG_WARN_INT_CONVERSION = YES;
				CLANG_WARN_NON_LITERAL_NULL_CONVERSION = YES;
				CLANG_WARN_OBJC_IMPLICIT_RETAIN_SELF = YES;
				CLANG_WARN_OBJC_LITERAL_CONVERSION = YES;
				CLANG_WARN_OBJC_ROOT_CLASS = YES_ERROR;
				CLANG_WARN_QUOTED_INCLUDE_IN_FRAMEWORK_HEADER = YES;
				CLANG_WARN_RANGE_LOOP_ANALYSIS = YES;
				CLANG_WARN_STRICT_PROTOTYPES = YES;
				CLANG_WARN_SUSPICIOUS_MOVE = YES;
				CLANG_WARN_UNGUARDED_AVAILABILITY = YES_AGGRESSIVE;
				CLANG_WARN_UNREACHABLE_CODE = YES;
				CLANG_WARN__DUPLICATE_METHOD_MATCH = YES;
				COPY_PHASE_STRIP = NO;
				DEBUG_INFORMATION_FORMAT = "dwarf-with-dsym";
				ENABLE_NS_ASSERTIONS = NO;
				ENABLE_STRICT_OBJC_MSGSEND = YES;
				ENABLE_USER_SCRIPT_SANDBOXING = YES;
				GCC_C_LANGUAGE_STANDARD = gnu17;
				GCC_NO_COMMON_BLOCKS = YES;
				GCC_WARN_64_TO_32_BIT_CONVERSION = YES;
				GCC_WARN_ABOUT_RETURN_TYPE = YES_ERROR;
				GCC_WARN_UNDECLARED_SELECTOR = YES;
				GCC_WARN_UNINITIALIZED_AUTOS = YES_AGGRESSIVE;
				GCC_WARN_UNUSED_FUNCTION = YES;
				GCC_WARN_UNUSED_VARIABLE = YES;
				LOCALIZATION_PREFERS_STRING_CATALOGS = YES;
				MACOSX_DEPLOYMENT_TARGET = 15.1;
				MTL_ENABLE_DEBUG_INFO = NO;
				MTL_FAST_MATH = YES;
				ONLY_ACTIVE_ARCH = YES;
				SDKROOT = macosx;
				SWIFT_COMPILATION_MODE = wholemodule;
			};
			name = Release;
		};
		7D9B07322D70124E00327D49 /* Debug */ = {
			isa = XCBuildConfiguration;
			buildSettings = {
				ASSETCATALOG_COMPILER_APPICON_NAME = AppIcon;
				ASSETCATALOG_COMPILER_GLOBAL_ACCENT_COLOR_NAME = AccentColor;
				CODE_SIGN_ENTITLEMENTS = "mkv Quicklook/mkv_Quicklook.entitlements";
				CODE_SIGN_STYLE = Automatic;
				COMBINE_HIDPI_IMAGES = YES;
				CURRENT_PROJECT_VERSION = 1;
				DEVELOPMENT_TEAM = 46WUYUUA8V;
				ENABLE_HARDENED_RUNTIME = YES;
				ENABLE_PREVIEWS = YES;
				GENERATE_INFOPLIST_FILE = YES;
				HEADER_SEARCH_PATHS = "\"$(SRCROOT)/mkv Quicklook/ffmpeg_build/include\"";
				INFOPLIST_KEY_NSHumanReadableCopyright = "";
				LD_RUNPATH_SEARCH_PATHS = (
					"$(inherited)",
					"@executable_path/../Frameworks",
				);
				LIBRARY_SEARCH_PATHS = (
					"$(inherited)",
					"\"$(SRCROOT)/mkv Quicklook/ffmpeg_build/lib\"",
					"$(PROJECT_DIR)/mkv\\ Quicklook/ffmpeg_build/lib",
					"$(PROJECT_DIR)/mkv\\ Quicklook/ffmpeg_build/lib",
					"$(PROJECT_DIR)/mkv\\ Quicklook/ffmpeg_build/lib",
					"$(PROJECT_DIR)/mkv\\ Quicklook/ffmpeg_build/lib",
					"$(PROJECT_DIR)/mkv\\ Quicklook/ffmpeg_build/lib",
					"$(PROJECT_DIR)/mkv\\ Quicklook/ffmpeg_build/lib",
					"$(PROJECT_DIR)/mkv\\ Quicklook/ffmpeg_build/lib",
					"$(PROJECT_DIR)/mkv\\ Quicklook/ffmpeg_build/lib",
					"$(PROJECT_DIR)/mkv\\ Quicklook/ffmpeg_build/lib",
					"$(PROJECT_DIR)/mkv\\ Quicklook/ffmpeg_build/lib",
					"$(PROJECT_DIR)/mkv\\ Quicklook/ffmpeg_build/lib",
					"$(PROJECT_DIR)/mkv\\ Quicklook/ffmpeg_build/lib",
					"$(PROJECT_DIR)/mkv\\ Quicklook/ffmpeg_build/lib",
					"$(PROJECT_DIR)/mkv\\ Quicklook/ffmpeg_build/lib",
					"$(PROJECT_DIR)/mkv\\ Quicklook/ffmpeg_build/lib",
					"$(PROJECT_DIR)/mkv\\ Quicklook/ffmpeg_build/lib",
					"$(PROJECT_DIR)/mkv\\ Quicklook/ffmpeg_build/lib",
					"$(PROJECT_DIR)/mkv\\ Quicklook/ffmpeg_build/lib",
					"$(PROJECT_DIR)/mkv\\ Quicklook/ffmpeg_build/lib",
					"$(PROJECT_DIR)/mkv\\ Quicklook/ffmpeg_build/lib",
					"$(PROJECT_DIR)/mkv\\ Quicklook/ffmpeg_build/lib",
					"$(PROJECT_DIR)/mkv\\ Quicklook/ffmpeg_build/lib",
					"$(PROJECT_DIR)/mkv\\ Quicklook/ffmpeg_build/lib",
					"$(PROJECT_DIR)/mkv\\ Quicklook/ffmpeg_build/lib",
					"$(PROJECT_DIR)/mkv\\ Quicklook/ffmpeg_build/lib",
					"$(PROJECT_DIR)/mkv\\ Quicklook/ffmpeg_build/lib",
					"$(PROJECT_DIR)/mkv\\ Quicklook/ffmpeg_build/lib",
					"$(PROJECT_DIR)/mkv\\ Quicklook/ffmpeg_build/lib",
					"$(PROJECT_DIR)/mkv\\ Quicklook/ffmpeg_build/lib",
					"$(PROJECT_DIR)/mkv\\ Quicklook/ffmpeg_build/lib",
					"$(PROJECT_DIR)/mkv\\ Quicklook/ffmpeg_build/lib",
					"$(PROJECT_DIR)/mkv\\ Quicklook/ffmpeg_build/lib",
					"$(PROJECT_DIR)/mkv\\ Quicklook/ffmpeg_build/lib",
					"$(PROJECT_DIR)/mkv\\ Quicklook/ffmpeg_build/lib",
					"$(PROJECT_DIR)/mkv\\ Quicklook/ffmpeg_build/lib",
					"$(PROJECT_DIR)/mkv\\ Quicklook/ffmpeg_build/lib",
					"$(PROJECT_DIR)/mkv\\ Quicklook/ffmpeg_build/lib",
					"$(PROJECT_DIR)/mkv\\ Quicklook/ffmpeg_build/lib",
					"$(PROJECT_DIR)/mkv\\ Quicklook/ffmpeg_build/lib",
					"$(PROJECT_DIR)/mkv\\ Quicklook/ffmpeg_build/lib",
					"$(PROJECT_DIR)/mkv\\ Quicklook/ffmpeg_build/lib",
					"$(PROJECT_DIR)/mkv\\ Quicklook/ffmpeg_build/lib",
					"$(PROJECT_DIR)/mkv\\ Quicklook/ffmpeg_build/lib",
					"$(PROJECT_DIR)/mkv\\ Quicklook/ffmpeg_build/lib",
					"$(PROJECT_DIR)/mkv\\ Quicklook/ffmpeg_build/lib",
					"$(PROJECT_DIR)/mkv\\ Quicklook/ffmpeg_build/lib",
					"$(PROJECT_DIR)/mkv\\ Quicklook/ffmpeg_build/lib",
					"$(PROJECT_DIR)/mkv\\ Quicklook/ffmpeg_build/lib",
					"$(PROJECT_DIR)/mkv\\ Quicklook/ffmpeg_build/lib",
					"$(PROJECT_DIR)/mkv\\ Quicklook/ffmpeg_build/lib",
					"$(PROJECT_DIR)/mkv\\ Quicklook/ffmpeg_build/lib",
					"$(PROJECT_DIR)/mkv\\ Quicklook/ffmpeg_build/lib",
					"$(PROJECT_DIR)/mkv\\ Quicklook/ffmpeg_build/lib",
					"$(PROJECT_DIR)/mkv\\ Quicklook/ffmpeg_build/lib",
					"$(PROJECT_DIR)/mkv\\ Quicklook/ffmpeg_build/lib",
					"$(PROJECT_DIR)/mkv\\ Quicklook/ffmpeg_build/lib",
					"$(PROJECT_DIR)/mkv\\ Quicklook/ffmpeg_build/lib",
					"$(PROJECT_DIR)/mkv\\ Quicklook/ffmpeg_build/lib",
					"$(PROJECT_DIR)/mkv\\ Quicklook/ffmpeg_build/lib",
					"$(PROJECT_DIR)/mkv\\ Quicklook/ffmpeg_build/lib",
					"$(PROJECT_DIR)/mkv\\ Quicklook/ffmpeg_build/lib",
					"$(PROJECT_DIR)/mkv\\ Quicklook/ffmpeg_build/lib",
					"$(PROJECT_DIR)/mkv\\ Quicklook/ffmpeg_build/lib",
					"$(PROJECT_DIR)/mkv\\ Quicklook/ffmpeg_build/lib",
					"$(PROJECT_DIR)/mkv\\ Quicklook/ffmpeg_build/lib",
					"$(PROJECT_DIR)/mkv\\ Quicklook/ffmpeg_build/lib",
					"$(PROJECT_DIR)/mkv\\ Quicklook/ffmpeg_build/lib",
					"$(PROJECT_DIR)/mkv\\ Quicklook/ffmpeg_build/lib",
					"$(PROJECT_DIR)/mkv\\ Quicklook/ffmpeg_build/lib",
					"$(PROJECT_DIR)/mkv\\ Quicklook/ffmpeg_build/lib",
					"$(PROJECT_DIR)/mkv\\ Quicklook/ffmpeg_build/lib",
					"$(PROJECT_DIR)/mkv\\ Quicklook/ffmpeg_build/lib",
					"$(PROJECT_DIR)/mkv\\ Quicklook/ffmpeg_build/lib",
					"$(PROJECT_DIR)/mkv\\ Quicklook/ffmpeg_build/lib",
					"$(PROJECT_DIR)/mkv\\ Quicklook/ffmpeg_build/lib",
					"$(PROJECT_DIR)/mkv\\ Quicklook/ffmpeg_build/lib",
					"$(PROJECT_DIR)/mkv\\ Quicklook/ffmpeg_build/lib",
					"$(PROJECT_DIR)/mkv\\ Quicklook/ffmpeg_build/lib",
					"$(PROJECT_DIR)/mkv\\ Quicklook/ffmpeg_build/lib",
					"$(PROJECT_DIR)/mkv\\ Quicklook/ffmpeg_build/lib",
					"$(PROJECT_DIR)/mkv\\ Quicklook/ffmpeg_build/lib",
					"$(PROJECT_DIR)/mkv\\ Quicklook/ffmpeg_build/lib",
					"$(PROJECT_DIR)/mkv\\ Quicklook/ffmpeg_build/lib",
					"$(PROJECT_DIR)/mkv\\ Quicklook/ffmpeg_build/lib",
					"$(PROJECT_DIR)/mkv\\ Quicklook/ffmpeg_build/lib",
					"$(PROJECT_DIR)/mkv\\ Quicklook/ffmpeg_build/lib",
					"$(PROJECT_DIR)/mkv\\ Quicklook/ffmpeg_build/lib",
					"$(PROJECT_DIR)/mkv\\ Quicklook/ffmpeg_build/lib",
					"$(PROJECT_DIR)/mkv\\ Quicklook/ffmpeg_build/lib",
					"$(PROJECT_DIR)/mkv\\ Quicklook/ffmpeg_build/lib",
					"$(PROJECT_DIR)/mkv\\ Quicklook/ffmpeg_build/lib",
					"$(PROJECT_DIR)/mkv\\ Quicklook/ffmpeg_build/lib",
					"$(PROJECT_DIR)/mkv\\ Quicklook/ffmpeg_build/lib",
					"$(PROJECT_DIR)/mkv\\ Quicklook/ffmpeg_build/lib",
					"$(PROJECT_DIR)/mkv\\ Quicklook/ffmpeg_build/lib",
					"$(PROJECT_DIR)/mkv\\ Quicklook/ffmpeg_build/lib",
					"$(PROJECT_DIR)/mkv\\ Quicklook/ffmpeg_build/lib",
					"$(PROJECT_DIR)/mkv\\ Quicklook/ffmpeg_build/lib",
					"$(PROJECT_DIR)/mkv\\ Quicklook/ffmpeg_build/lib",
					"$(PROJECT_DIR)/mkv\\ Quicklook/ffmpeg_build/lib",
					"$(PROJECT_DIR)/mkv\\ Quicklook/ffmpeg_build/lib",
					"$(PROJECT_DIR)/mkv\\ Quicklook/ffmpeg_build/lib",
					"$(PROJECT_DIR)/mkv\\ Quicklook/ffmpeg_build/lib",
					"$(PROJECT_DIR)/mkv\\ Quicklook/ffmpeg_build/lib",
					"$(PROJECT_DIR)/mkv\\ Quicklook/ffmpeg_build/lib",
					"$(PROJECT_DIR)/mkv\\ Quicklook/ffmpeg_build/lib",
					"$(PROJECT_DIR)/mkv\\ Quicklook/ffmpeg_build/lib",
					"$(PROJECT_DIR)/mkv\\ Quicklook/ffmpeg_build/lib",
					"$(PROJECT_DIR)/mkv\\ Quicklook/ffmpeg_build/lib",
					"$(PROJECT_DIR)/mkv\\ Quicklook/ffmpeg_build/lib",
					"$(PROJECT_DIR)/mkv\\ Quicklook/ffmpeg_build/lib",
					"$(PROJECT_DIR)/mkv\\ Quicklook/ffmpeg_build/lib",
					"$(PROJECT_DIR)/mkv\\ Quicklook/ffmpeg_build/lib",
					"$(PROJECT_DIR)/mkv\\ Quicklook/ffmpeg_build/lib",
					"$(PROJECT_DIR)/mkv\\ Quicklook/ffmpeg_build/lib",
					"$(PROJECT_DIR)/mkv\\ Quicklook/ffmpeg_build/lib",
					"$(PROJECT_DIR)/mkv\\ Quicklook/ffmpeg_build/lib",
					"$(PROJECT_DIR)/mkv\\ Quicklook/ffmpeg_build/lib",
					"$(PROJECT_DIR)/mkv\\ Quicklook/ffmpeg_build/lib",
					"$(PROJECT_DIR)/mkv\\ Quicklook/ffmpeg_build/lib",
					"$(PROJECT_DIR)/mkv\\ Quicklook/ffmpeg_build/lib",
					"$(PROJECT_DIR)/mkv\\ Quicklook/ffmpeg_build/lib",
					"$(PROJECT_DIR)/mkv\\ Quicklook/ffmpeg_build/lib",
					"$(PROJECT_DIR)/mkv\\ Quicklook/ffmpeg_build/lib",
					"$(PROJECT_DIR)/mkv\\ Quicklook/ffmpeg_build/lib",
					"$(PROJECT_DIR)/mkv\\ Quicklook/ffmpeg_build/lib",
				);
				MACOSX_DEPLOYMENT_TARGET = 12.4;
				MARKETING_VERSION = 1.0;
				PRODUCT_BUNDLE_IDENTIFIER = "com.oil3.Webm-Quicklook.mkv-Quicklook";
				PRODUCT_NAME = "$(TARGET_NAME)";
				SWIFT_EMIT_LOC_STRINGS = YES;
				SWIFT_OBJC_BRIDGING_HEADER = "/Users/almahdiquet/Documents/mkv Quicklook/mkv Quicklook/FFmpegBridge.h";
				SWIFT_VERSION = 5.0;
			};
			name = Debug;
		};
		7D9B07332D70124E00327D49 /* Release */ = {
			isa = XCBuildConfiguration;
			buildSettings = {
				ASSETCATALOG_COMPILER_APPICON_NAME = AppIcon;
				ASSETCATALOG_COMPILER_GLOBAL_ACCENT_COLOR_NAME = AccentColor;
				CODE_SIGN_ENTITLEMENTS = "mkv Quicklook/mkv_Quicklook.entitlements";
				CODE_SIGN_STYLE = Automatic;
				COMBINE_HIDPI_IMAGES = YES;
				CURRENT_PROJECT_VERSION = 1;
				DEVELOPMENT_TEAM = 46WUYUUA8V;
				ENABLE_HARDENED_RUNTIME = YES;
				ENABLE_PREVIEWS = YES;
				GENERATE_INFOPLIST_FILE = YES;
				HEADER_SEARCH_PATHS = "\"$(SRCROOT)/mkv Quicklook/ffmpeg_build/include\"";
				INFOPLIST_KEY_NSHumanReadableCopyright = "";
				LD_RUNPATH_SEARCH_PATHS = (
					"$(inherited)",
					"@executable_path/../Frameworks",
				);
				LIBRARY_SEARCH_PATHS = (
					"$(inherited)",
					"\"$(SRCROOT)/mkv Quicklook/ffmpeg_build/lib\"",
					"$(PROJECT_DIR)/mkv\\ Quicklook/ffmpeg_build/lib",
					"$(PROJECT_DIR)/mkv\\ Quicklook/ffmpeg_build/lib",
					"$(PROJECT_DIR)/mkv\\ Quicklook/ffmpeg_build/lib",
					"$(PROJECT_DIR)/mkv\\ Quicklook/ffmpeg_build/lib",
					"$(PROJECT_DIR)/mkv\\ Quicklook/ffmpeg_build/lib",
					"$(PROJECT_DIR)/mkv\\ Quicklook/ffmpeg_build/lib",
					"$(PROJECT_DIR)/mkv\\ Quicklook/ffmpeg_build/lib",
					"$(PROJECT_DIR)/mkv\\ Quicklook/ffmpeg_build/lib",
					"$(PROJECT_DIR)/mkv\\ Quicklook/ffmpeg_build/lib",
					"$(PROJECT_DIR)/mkv\\ Quicklook/ffmpeg_build/lib",
					"$(PROJECT_DIR)/mkv\\ Quicklook/ffmpeg_build/lib",
					"$(PROJECT_DIR)/mkv\\ Quicklook/ffmpeg_build/lib",
					"$(PROJECT_DIR)/mkv\\ Quicklook/ffmpeg_build/lib",
					"$(PROJECT_DIR)/mkv\\ Quicklook/ffmpeg_build/lib",
					"$(PROJECT_DIR)/mkv\\ Quicklook/ffmpeg_build/lib",
					"$(PROJECT_DIR)/mkv\\ Quicklook/ffmpeg_build/lib",
					"$(PROJECT_DIR)/mkv\\ Quicklook/ffmpeg_build/lib",
					"$(PROJECT_DIR)/mkv\\ Quicklook/ffmpeg_build/lib",
					"$(PROJECT_DIR)/mkv\\ Quicklook/ffmpeg_build/lib",
					"$(PROJECT_DIR)/mkv\\ Quicklook/ffmpeg_build/lib",
					"$(PROJECT_DIR)/mkv\\ Quicklook/ffmpeg_build/lib",
					"$(PROJECT_DIR)/mkv\\ Quicklook/ffmpeg_build/lib",
					"$(PROJECT_DIR)/mkv\\ Quicklook/ffmpeg_build/lib",
					"$(PROJECT_DIR)/mkv\\ Quicklook/ffmpeg_build/lib",
					"$(PROJECT_DIR)/mkv\\ Quicklook/ffmpeg_build/lib",
					"$(PROJECT_DIR)/mkv\\ Quicklook/ffmpeg_build/lib",
					"$(PROJECT_DIR)/mkv\\ Quicklook/ffmpeg_build/lib",
					"$(PROJECT_DIR)/mkv\\ Quicklook/ffmpeg_build/lib",
					"$(PROJECT_DIR)/mkv\\ Quicklook/ffmpeg_build/lib",
					"$(PROJECT_DIR)/mkv\\ Quicklook/ffmpeg_build/lib",
					"$(PROJECT_DIR)/mkv\\ Quicklook/ffmpeg_build/lib",
					"$(PROJECT_DIR)/mkv\\ Quicklook/ffmpeg_build/lib",
					"$(PROJECT_DIR)/mkv\\ Quicklook/ffmpeg_build/lib",
					"$(PROJECT_DIR)/mkv\\ Quicklook/ffmpeg_build/lib",
					"$(PROJECT_DIR)/mkv\\ Quicklook/ffmpeg_build/lib",
					"$(PROJECT_DIR)/mkv\\ Quicklook/ffmpeg_build/lib",
					"$(PROJECT_DIR)/mkv\\ Quicklook/ffmpeg_build/lib",
					"$(PROJECT_DIR)/mkv\\ Quicklook/ffmpeg_build/lib",
					"$(PROJECT_DIR)/mkv\\ Quicklook/ffmpeg_build/lib",
					"$(PROJECT_DIR)/mkv\\ Quicklook/ffmpeg_build/lib",
					"$(PROJECT_DIR)/mkv\\ Quicklook/ffmpeg_build/lib",
					"$(PROJECT_DIR)/mkv\\ Quicklook/ffmpeg_build/lib",
					"$(PROJECT_DIR)/mkv\\ Quicklook/ffmpeg_build/lib",
					"$(PROJECT_DIR)/mkv\\ Quicklook/ffmpeg_build/lib",
					"$(PROJECT_DIR)/mkv\\ Quicklook/ffmpeg_build/lib",
					"$(PROJECT_DIR)/mkv\\ Quicklook/ffmpeg_build/lib",
					"$(PROJECT_DIR)/mkv\\ Quicklook/ffmpeg_build/lib",
					"$(PROJECT_DIR)/mkv\\ Quicklook/ffmpeg_build/lib",
					"$(PROJECT_DIR)/mkv\\ Quicklook/ffmpeg_build/lib",
					"$(PROJECT_DIR)/mkv\\ Quicklook/ffmpeg_build/lib",
					"$(PROJECT_DIR)/mkv\\ Quicklook/ffmpeg_build/lib",
					"$(PROJECT_DIR)/mkv\\ Quicklook/ffmpeg_build/lib",
					"$(PROJECT_DIR)/mkv\\ Quicklook/ffmpeg_build/lib",
					"$(PROJECT_DIR)/mkv\\ Quicklook/ffmpeg_build/lib",
					"$(PROJECT_DIR)/mkv\\ Quicklook/ffmpeg_build/lib",
					"$(PROJECT_DIR)/mkv\\ Quicklook/ffmpeg_build/lib",
					"$(PROJECT_DIR)/mkv\\ Quicklook/ffmpeg_build/lib",
					"$(PROJECT_DIR)/mkv\\ Quicklook/ffmpeg_build/lib",
					"$(PROJECT_DIR)/mkv\\ Quicklook/ffmpeg_build/lib",
					"$(PROJECT_DIR)/mkv\\ Quicklook/ffmpeg_build/lib",
					"$(PROJECT_DIR)/mkv\\ Quicklook/ffmpeg_build/lib",
					"$(PROJECT_DIR)/mkv\\ Quicklook/ffmpeg_build/lib",
					"$(PROJECT_DIR)/mkv\\ Quicklook/ffmpeg_build/lib",
					"$(PROJECT_DIR)/mkv\\ Quicklook/ffmpeg_build/lib",
					"$(PROJECT_DIR)/mkv\\ Quicklook/ffmpeg_build/lib",
					"$(PROJECT_DIR)/mkv\\ Quicklook/ffmpeg_build/lib",
					"$(PROJECT_DIR)/mkv\\ Quicklook/ffmpeg_build/lib",
					"$(PROJECT_DIR)/mkv\\ Quicklook/ffmpeg_build/lib",
					"$(PROJECT_DIR)/mkv\\ Quicklook/ffmpeg_build/lib",
					"$(PROJECT_DIR)/mkv\\ Quicklook/ffmpeg_build/lib",
					"$(PROJECT_DIR)/mkv\\ Quicklook/ffmpeg_build/lib",
					"$(PROJECT_DIR)/mkv\\ Quicklook/ffmpeg_build/lib",
					"$(PROJECT_DIR)/mkv\\ Quicklook/ffmpeg_build/lib",
					"$(PROJECT_DIR)/mkv\\ Quicklook/ffmpeg_build/lib",
					"$(PROJECT_DIR)/mkv\\ Quicklook/ffmpeg_build/lib",
					"$(PROJECT_DIR)/mkv\\ Quicklook/ffmpeg_build/lib",
					"$(PROJECT_DIR)/mkv\\ Quicklook/ffmpeg_build/lib",
					"$(PROJECT_DIR)/mkv\\ Quicklook/ffmpeg_build/lib",
					"$(PROJECT_DIR)/mkv\\ Quicklook/ffmpeg_build/lib",
					"$(PROJECT_DIR)/mkv\\ Quicklook/ffmpeg_build/lib",
					"$(PROJECT_DIR)/mkv\\ Quicklook/ffmpeg_build/lib",
					"$(PROJECT_DIR)/mkv\\ Quicklook/ffmpeg_build/lib",
					"$(PROJECT_DIR)/mkv\\ Quicklook/ffmpeg_build/lib",
					"$(PROJECT_DIR)/mkv\\ Quicklook/ffmpeg_build/lib",
					"$(PROJECT_DIR)/mkv\\ Quicklook/ffmpeg_build/lib",
					"$(PROJECT_DIR)/mkv\\ Quicklook/ffmpeg_build/lib",
					"$(PROJECT_DIR)/mkv\\ Quicklook/ffmpeg_build/lib",
					"$(PROJECT_DIR)/mkv\\ Quicklook/ffmpeg_build/lib",
					"$(PROJECT_DIR)/mkv\\ Quicklook/ffmpeg_build/lib",
					"$(PROJECT_DIR)/mkv\\ Quicklook/ffmpeg_build/lib",
					"$(PROJECT_DIR)/mkv\\ Quicklook/ffmpeg_build/lib",
					"$(PROJECT_DIR)/mkv\\ Quicklook/ffmpeg_build/lib",
					"$(PROJECT_DIR)/mkv\\ Quicklook/ffmpeg_build/lib",
					"$(PROJECT_DIR)/mkv\\ Quicklook/ffmpeg_build/lib",
					"$(PROJECT_DIR)/mkv\\ Quicklook/ffmpeg_build/lib",
					"$(PROJECT_DIR)/mkv\\ Quicklook/ffmpeg_build/lib",
					"$(PROJECT_DIR)/mkv\\ Quicklook/ffmpeg_build/lib",
					"$(PROJECT_DIR)/mkv\\ Quicklook/ffmpeg_build/lib",
					"$(PROJECT_DIR)/mkv\\ Quicklook/ffmpeg_build/lib",
					"$(PROJECT_DIR)/mkv\\ Quicklook/ffmpeg_build/lib",
					"$(PROJECT_DIR)/mkv\\ Quicklook/ffmpeg_build/lib",
					"$(PROJECT_DIR)/mkv\\ Quicklook/ffmpeg_build/lib",
					"$(PROJECT_DIR)/mkv\\ Quicklook/ffmpeg_build/lib",
					"$(PROJECT_DIR)/mkv\\ Quicklook/ffmpeg_build/lib",
					"$(PROJECT_DIR)/mkv\\ Quicklook/ffmpeg_build/lib",
					"$(PROJECT_DIR)/mkv\\ Quicklook/ffmpeg_build/lib",
					"$(PROJECT_DIR)/mkv\\ Quicklook/ffmpeg_build/lib",
					"$(PROJECT_DIR)/mkv\\ Quicklook/ffmpeg_build/lib",
					"$(PROJECT_DIR)/mkv\\ Quicklook/ffmpeg_build/lib",
					"$(PROJECT_DIR)/mkv\\ Quicklook/ffmpeg_build/lib",
					"$(PROJECT_DIR)/mkv\\ Quicklook/ffmpeg_build/lib",
					"$(PROJECT_DIR)/mkv\\ Quicklook/ffmpeg_build/lib",
					"$(PROJECT_DIR)/mkv\\ Quicklook/ffmpeg_build/lib",
					"$(PROJECT_DIR)/mkv\\ Quicklook/ffmpeg_build/lib",
					"$(PROJECT_DIR)/mkv\\ Quicklook/ffmpeg_build/lib",
					"$(PROJECT_DIR)/mkv\\ Quicklook/ffmpeg_build/lib",
					"$(PROJECT_DIR)/mkv\\ Quicklook/ffmpeg_build/lib",
					"$(PROJECT_DIR)/mkv\\ Quicklook/ffmpeg_build/lib",
					"$(PROJECT_DIR)/mkv\\ Quicklook/ffmpeg_build/lib",
					"$(PROJECT_DIR)/mkv\\ Quicklook/ffmpeg_build/lib",
					"$(PROJECT_DIR)/mkv\\ Quicklook/ffmpeg_build/lib",
					"$(PROJECT_DIR)/mkv\\ Quicklook/ffmpeg_build/lib",
					"$(PROJECT_DIR)/mkv\\ Quicklook/ffmpeg_build/lib",
					"$(PROJECT_DIR)/mkv\\ Quicklook/ffmpeg_build/lib",
					"$(PROJECT_DIR)/mkv\\ Quicklook/ffmpeg_build/lib",
					"$(PROJECT_DIR)/mkv\\ Quicklook/ffmpeg_build/lib",
				);
				MACOSX_DEPLOYMENT_TARGET = 12.4;
				MARKETING_VERSION = 1.0;
				PRODUCT_BUNDLE_IDENTIFIER = "com.oil3.Webm-Quicklook.mkv-Quicklook";
				PRODUCT_NAME = "$(TARGET_NAME)";
				SWIFT_EMIT_LOC_STRINGS = YES;
				SWIFT_OBJC_BRIDGING_HEADER = "/Users/almahdiquet/Documents/mkv Quicklook/mkv Quicklook/FFmpegBridge.h";
				SWIFT_VERSION = 5.0;
			};
			name = Release;
		};
		7DE8D4912D714B6600C06A9F /* Debug */ = {
			isa = XCBuildConfiguration;
			buildSettings = {
				CODE_SIGN_ENTITLEMENTS = "QL mkv/QL_mkv.entitlements";
				CODE_SIGN_STYLE = Automatic;
				CURRENT_PROJECT_VERSION = 1;
				DEVELOPMENT_TEAM = 46WUYUUA8V;
				ENABLE_HARDENED_RUNTIME = YES;
				GENERATE_INFOPLIST_FILE = YES;
				HEADER_SEARCH_PATHS = "\"$(SRCROOT)/mkv Quicklook/ffmpeg_build/include\"";
				INFOPLIST_FILE = "QL mkv/Info.plist";
				INFOPLIST_KEY_CFBundleDisplayName = "QL mkv";
				INFOPLIST_KEY_NSHumanReadableCopyright = "";
				LD_RUNPATH_SEARCH_PATHS = (
					"$(inherited)",
					"@executable_path/../Frameworks",
					"@executable_path/../../../../Frameworks",
				);
				LIBRARY_SEARCH_PATHS = (
					"$(inherited)",
					"$(PROJECT_DIR)/mkv\\ Quicklook/ffmpeg_build/lib",
					"$(PROJECT_DIR)/mkv\\ Quicklook/ffmpeg_build/lib",
					"$(PROJECT_DIR)/mkv\\ Quicklook/ffmpeg_build/lib",
					"$(PROJECT_DIR)/mkv\\ Quicklook/ffmpeg_build/lib",
					"$(PROJECT_DIR)/mkv\\ Quicklook/ffmpeg_build/lib",
					"$(PROJECT_DIR)/mkv\\ Quicklook/ffmpeg_build/lib",
					"$(PROJECT_DIR)/mkv\\ Quicklook/ffmpeg_build/lib",
					"$(PROJECT_DIR)/mkv\\ Quicklook/ffmpeg_build/lib",
					"$(PROJECT_DIR)/mkv\\ Quicklook/ffmpeg_build/lib",
					"$(PROJECT_DIR)/mkv\\ Quicklook/ffmpeg_build/lib",
					"$(PROJECT_DIR)/mkv\\ Quicklook/ffmpeg_build/lib",
					"$(PROJECT_DIR)/mkv\\ Quicklook/ffmpeg_build/lib",
					"$(PROJECT_DIR)/mkv\\ Quicklook/ffmpeg_build/lib",
					"$(PROJECT_DIR)/mkv\\ Quicklook/ffmpeg_build/lib",
					"$(PROJECT_DIR)/mkv\\ Quicklook/ffmpeg_build/lib",
					"$(PROJECT_DIR)/mkv\\ Quicklook/ffmpeg_build/lib",
					"$(PROJECT_DIR)/mkv\\ Quicklook/ffmpeg_build/lib",
					"$(PROJECT_DIR)/mkv\\ Quicklook/ffmpeg_build/lib",
					"$(PROJECT_DIR)/mkv\\ Quicklook/ffmpeg_build/lib",
					"$(PROJECT_DIR)/mkv\\ Quicklook/ffmpeg_build/lib",
					"$(PROJECT_DIR)/mkv\\ Quicklook/ffmpeg_build/lib",
					"$(PROJECT_DIR)/mkv\\ Quicklook/ffmpeg_build/lib",
					"$(PROJECT_DIR)/mkv\\ Quicklook/ffmpeg_build/lib",
					"$(PROJECT_DIR)/mkv\\ Quicklook/ffmpeg_build/lib",
					"$(PROJECT_DIR)/mkv\\ Quicklook/ffmpeg_build/lib",
					"$(PROJECT_DIR)/mkv\\ Quicklook/ffmpeg_build/lib",
					"$(PROJECT_DIR)/mkv\\ Quicklook/ffmpeg_build/lib",
					"$(PROJECT_DIR)/mkv\\ Quicklook/ffmpeg_build/lib",
					"$(PROJECT_DIR)/mkv\\ Quicklook/ffmpeg_build/lib",
					"$(PROJECT_DIR)/mkv\\ Quicklook/ffmpeg_build/lib",
					"$(PROJECT_DIR)/mkv\\ Quicklook/ffmpeg_build/lib",
					"$(PROJECT_DIR)/mkv\\ Quicklook/ffmpeg_build/lib",
					"$(PROJECT_DIR)/mkv\\ Quicklook/ffmpeg_build/lib",
					"$(PROJECT_DIR)/mkv\\ Quicklook/ffmpeg_build/lib",
					"$(PROJECT_DIR)/mkv\\ Quicklook/ffmpeg_build/lib",
					"$(PROJECT_DIR)/mkv\\ Quicklook/ffmpeg_build/lib",
					"$(PROJECT_DIR)/mkv\\ Quicklook/ffmpeg_build/lib",
					"$(PROJECT_DIR)/mkv\\ Quicklook/ffmpeg_build/lib",
					"$(PROJECT_DIR)/mkv\\ Quicklook/ffmpeg_build/lib",
					"$(PROJECT_DIR)/mkv\\ Quicklook/ffmpeg_build/lib",
					"$(PROJECT_DIR)/mkv\\ Quicklook/ffmpeg_build/lib",
					"$(PROJECT_DIR)/mkv\\ Quicklook/ffmpeg_build/lib",
					"$(PROJECT_DIR)/mkv\\ Quicklook/ffmpeg_build/lib",
					"$(PROJECT_DIR)/mkv\\ Quicklook/ffmpeg_build/lib",
					"$(PROJECT_DIR)/mkv\\ Quicklook/ffmpeg_build/lib",
					"$(PROJECT_DIR)/mkv\\ Quicklook/ffmpeg_build/lib",
					"$(PROJECT_DIR)/mkv\\ Quicklook/ffmpeg_build/lib",
					"$(PROJECT_DIR)/mkv\\ Quicklook/ffmpeg_build/lib",
					"$(PROJECT_DIR)/mkv\\ Quicklook/ffmpeg_build/lib",
					"$(PROJECT_DIR)/mkv\\ Quicklook/ffmpeg_build/lib",
					"$(PROJECT_DIR)/mkv\\ Quicklook/ffmpeg_build/lib",
					"$(PROJECT_DIR)/mkv\\ Quicklook/ffmpeg_build/lib",
					"$(PROJECT_DIR)/mkv\\ Quicklook/ffmpeg_build/lib",
					"$(PROJECT_DIR)/mkv\\ Quicklook/ffmpeg_build/lib",
					"$(PROJECT_DIR)/mkv\\ Quicklook/ffmpeg_build/lib",
					"$(PROJECT_DIR)/mkv\\ Quicklook/ffmpeg_build/lib",
					"$(PROJECT_DIR)/mkv\\ Quicklook/ffmpeg_build/lib",
					"$(PROJECT_DIR)/mkv\\ Quicklook/ffmpeg_build/lib",
					"$(PROJECT_DIR)/mkv\\ Quicklook/ffmpeg_build/lib",
					"$(PROJECT_DIR)/mkv\\ Quicklook/ffmpeg_build/lib",
					"$(PROJECT_DIR)/mkv\\ Quicklook/ffmpeg_build/lib",
					"$(PROJECT_DIR)/mkv\\ Quicklook/ffmpeg_build/lib",
					"$(PROJECT_DIR)/mkv\\ Quicklook/ffmpeg_build/lib",
					"$(PROJECT_DIR)/mkv\\ Quicklook/ffmpeg_build/lib",
					"$(PROJECT_DIR)/mkv\\ Quicklook/ffmpeg_build/lib",
					"$(PROJECT_DIR)/mkv\\ Quicklook/ffmpeg_build/lib",
					"$(PROJECT_DIR)/mkv\\ Quicklook/ffmpeg_build/lib",
					"$(PROJECT_DIR)/mkv\\ Quicklook/ffmpeg_build/lib",
					"$(PROJECT_DIR)/mkv\\ Quicklook/ffmpeg_build/lib",
					"$(PROJECT_DIR)/mkv\\ Quicklook/ffmpeg_build/lib",
					"$(PROJECT_DIR)/mkv\\ Quicklook/ffmpeg_build/lib",
					"$(PROJECT_DIR)/mkv\\ Quicklook/ffmpeg_build/lib",
					"$(PROJECT_DIR)/mkv\\ Quicklook/ffmpeg_build/lib",
					"$(PROJECT_DIR)/mkv\\ Quicklook/ffmpeg_build/lib",
					"$(PROJECT_DIR)/mkv\\ Quicklook/ffmpeg_build/lib",
					"$(PROJECT_DIR)/mkv\\ Quicklook/ffmpeg_build/lib",
					"$(PROJECT_DIR)/mkv\\ Quicklook/ffmpeg_build/lib",
					"$(PROJECT_DIR)/mkv\\ Quicklook/ffmpeg_build/lib",
					"$(PROJECT_DIR)/mkv\\ Quicklook/ffmpeg_build/lib",
					"$(PROJECT_DIR)/mkv\\ Quicklook/ffmpeg_build/lib",
					"$(PROJECT_DIR)/mkv\\ Quicklook/ffmpeg_build/lib",
					"$(PROJECT_DIR)/mkv\\ Quicklook/ffmpeg_build/lib",
					"$(PROJECT_DIR)/mkv\\ Quicklook/ffmpeg_build/lib",
					"$(PROJECT_DIR)/mkv\\ Quicklook/ffmpeg_build/lib",
				);
				MACOSX_DEPLOYMENT_TARGET = 12.4;
				MARKETING_VERSION = 1.0;
				PRODUCT_BUNDLE_IDENTIFIER = "com.oil3.Webm-Quicklook.mkv-Quicklook.QL-mkv";
				PRODUCT_NAME = "$(TARGET_NAME)";
				SKIP_INSTALL = YES;
				SWIFT_EMIT_LOC_STRINGS = YES;
				SWIFT_OBJC_BRIDGING_HEADER = "/Users/almahdiquet/Documents/mkv Quicklook/QL mkv/FFmpegBridge.h";
				SWIFT_VERSION = 5.0;
			};
			name = Debug;
		};
		7DE8D4922D714B6600C06A9F /* Release */ = {
			isa = XCBuildConfiguration;
			buildSettings = {
				CODE_SIGN_ENTITLEMENTS = "QL mkv/QL_mkv.entitlements";
				CODE_SIGN_STYLE = Automatic;
				CURRENT_PROJECT_VERSION = 1;
				DEVELOPMENT_TEAM = 46WUYUUA8V;
				ENABLE_HARDENED_RUNTIME = YES;
				GENERATE_INFOPLIST_FILE = YES;
				HEADER_SEARCH_PATHS = "\"$(SRCROOT)/mkv Quicklook/ffmpeg_build/include\"";
				INFOPLIST_FILE = "QL mkv/Info.plist";
				INFOPLIST_KEY_CFBundleDisplayName = "QL mkv";
				INFOPLIST_KEY_NSHumanReadableCopyright = "";
				LD_RUNPATH_SEARCH_PATHS = (
					"$(inherited)",
					"@executable_path/../Frameworks",
					"@executable_path/../../../../Frameworks",
				);
				LIBRARY_SEARCH_PATHS = (
					"$(inherited)",
					"$(PROJECT_DIR)/mkv\\ Quicklook/ffmpeg_build/lib",
					"$(PROJECT_DIR)/mkv\\ Quicklook/ffmpeg_build/lib",
					"$(PROJECT_DIR)/mkv\\ Quicklook/ffmpeg_build/lib",
					"$(PROJECT_DIR)/mkv\\ Quicklook/ffmpeg_build/lib",
					"$(PROJECT_DIR)/mkv\\ Quicklook/ffmpeg_build/lib",
					"$(PROJECT_DIR)/mkv\\ Quicklook/ffmpeg_build/lib",
					"$(PROJECT_DIR)/mkv\\ Quicklook/ffmpeg_build/lib",
					"$(PROJECT_DIR)/mkv\\ Quicklook/ffmpeg_build/lib",
					"$(PROJECT_DIR)/mkv\\ Quicklook/ffmpeg_build/lib",
					"$(PROJECT_DIR)/mkv\\ Quicklook/ffmpeg_build/lib",
					"$(PROJECT_DIR)/mkv\\ Quicklook/ffmpeg_build/lib",
					"$(PROJECT_DIR)/mkv\\ Quicklook/ffmpeg_build/lib",
					"$(PROJECT_DIR)/mkv\\ Quicklook/ffmpeg_build/lib",
					"$(PROJECT_DIR)/mkv\\ Quicklook/ffmpeg_build/lib",
					"$(PROJECT_DIR)/mkv\\ Quicklook/ffmpeg_build/lib",
					"$(PROJECT_DIR)/mkv\\ Quicklook/ffmpeg_build/lib",
					"$(PROJECT_DIR)/mkv\\ Quicklook/ffmpeg_build/lib",
					"$(PROJECT_DIR)/mkv\\ Quicklook/ffmpeg_build/lib",
					"$(PROJECT_DIR)/mkv\\ Quicklook/ffmpeg_build/lib",
					"$(PROJECT_DIR)/mkv\\ Quicklook/ffmpeg_build/lib",
					"$(PROJECT_DIR)/mkv\\ Quicklook/ffmpeg_build/lib",
					"$(PROJECT_DIR)/mkv\\ Quicklook/ffmpeg_build/lib",
					"$(PROJECT_DIR)/mkv\\ Quicklook/ffmpeg_build/lib",
					"$(PROJECT_DIR)/mkv\\ Quicklook/ffmpeg_build/lib",
					"$(PROJECT_DIR)/mkv\\ Quicklook/ffmpeg_build/lib",
					"$(PROJECT_DIR)/mkv\\ Quicklook/ffmpeg_build/lib",
					"$(PROJECT_DIR)/mkv\\ Quicklook/ffmpeg_build/lib",
					"$(PROJECT_DIR)/mkv\\ Quicklook/ffmpeg_build/lib",
					"$(PROJECT_DIR)/mkv\\ Quicklook/ffmpeg_build/lib",
					"$(PROJECT_DIR)/mkv\\ Quicklook/ffmpeg_build/lib",
					"$(PROJECT_DIR)/mkv\\ Quicklook/ffmpeg_build/lib",
					"$(PROJECT_DIR)/mkv\\ Quicklook/ffmpeg_build/lib",
					"$(PROJECT_DIR)/mkv\\ Quicklook/ffmpeg_build/lib",
					"$(PROJECT_DIR)/mkv\\ Quicklook/ffmpeg_build/lib",
					"$(PROJECT_DIR)/mkv\\ Quicklook/ffmpeg_build/lib",
					"$(PROJECT_DIR)/mkv\\ Quicklook/ffmpeg_build/lib",
					"$(PROJECT_DIR)/mkv\\ Quicklook/ffmpeg_build/lib",
					"$(PROJECT_DIR)/mkv\\ Quicklook/ffmpeg_build/lib",
					"$(PROJECT_DIR)/mkv\\ Quicklook/ffmpeg_build/lib",
					"$(PROJECT_DIR)/mkv\\ Quicklook/ffmpeg_build/lib",
					"$(PROJECT_DIR)/mkv\\ Quicklook/ffmpeg_build/lib",
					"$(PROJECT_DIR)/mkv\\ Quicklook/ffmpeg_build/lib",
					"$(PROJECT_DIR)/mkv\\ Quicklook/ffmpeg_build/lib",
					"$(PROJECT_DIR)/mkv\\ Quicklook/ffmpeg_build/lib",
					"$(PROJECT_DIR)/mkv\\ Quicklook/ffmpeg_build/lib",
					"$(PROJECT_DIR)/mkv\\ Quicklook/ffmpeg_build/lib",
					"$(PROJECT_DIR)/mkv\\ Quicklook/ffmpeg_build/lib",
					"$(PROJECT_DIR)/mkv\\ Quicklook/ffmpeg_build/lib",
					"$(PROJECT_DIR)/mkv\\ Quicklook/ffmpeg_build/lib",
					"$(PROJECT_DIR)/mkv\\ Quicklook/ffmpeg_build/lib",
					"$(PROJECT_DIR)/mkv\\ Quicklook/ffmpeg_build/lib",
					"$(PROJECT_DIR)/mkv\\ Quicklook/ffmpeg_build/lib",
					"$(PROJECT_DIR)/mkv\\ Quicklook/ffmpeg_build/lib",
					"$(PROJECT_DIR)/mkv\\ Quicklook/ffmpeg_build/lib",
					"$(PROJECT_DIR)/mkv\\ Quicklook/ffmpeg_build/lib",
					"$(PROJECT_DIR)/mkv\\ Quicklook/ffmpeg_build/lib",
					"$(PROJECT_DIR)/mkv\\ Quicklook/ffmpeg_build/lib",
					"$(PROJECT_DIR)/mkv\\ Quicklook/ffmpeg_build/lib",
					"$(PROJECT_DIR)/mkv\\ Quicklook/ffmpeg_build/lib",
					"$(PROJECT_DIR)/mkv\\ Quicklook/ffmpeg_build/lib",
					"$(PROJECT_DIR)/mkv\\ Quicklook/ffmpeg_build/lib",
					"$(PROJECT_DIR)/mkv\\ Quicklook/ffmpeg_build/lib",
					"$(PROJECT_DIR)/mkv\\ Quicklook/ffmpeg_build/lib",
					"$(PROJECT_DIR)/mkv\\ Quicklook/ffmpeg_build/lib",
					"$(PROJECT_DIR)/mkv\\ Quicklook/ffmpeg_build/lib",
					"$(PROJECT_DIR)/mkv\\ Quicklook/ffmpeg_build/lib",
					"$(PROJECT_DIR)/mkv\\ Quicklook/ffmpeg_build/lib",
					"$(PROJECT_DIR)/mkv\\ Quicklook/ffmpeg_build/lib",
					"$(PROJECT_DIR)/mkv\\ Quicklook/ffmpeg_build/lib",
					"$(PROJECT_DIR)/mkv\\ Quicklook/ffmpeg_build/lib",
					"$(PROJECT_DIR)/mkv\\ Quicklook/ffmpeg_build/lib",
					"$(PROJECT_DIR)/mkv\\ Quicklook/ffmpeg_build/lib",
					"$(PROJECT_DIR)/mkv\\ Quicklook/ffmpeg_build/lib",
					"$(PROJECT_DIR)/mkv\\ Quicklook/ffmpeg_build/lib",
					"$(PROJECT_DIR)/mkv\\ Quicklook/ffmpeg_build/lib",
					"$(PROJECT_DIR)/mkv\\ Quicklook/ffmpeg_build/lib",
					"$(PROJECT_DIR)/mkv\\ Quicklook/ffmpeg_build/lib",
					"$(PROJECT_DIR)/mkv\\ Quicklook/ffmpeg_build/lib",
					"$(PROJECT_DIR)/mkv\\ Quicklook/ffmpeg_build/lib",
					"$(PROJECT_DIR)/mkv\\ Quicklook/ffmpeg_build/lib",
					"$(PROJECT_DIR)/mkv\\ Quicklook/ffmpeg_build/lib",
					"$(PROJECT_DIR)/mkv\\ Quicklook/ffmpeg_build/lib",
					"$(PROJECT_DIR)/mkv\\ Quicklook/ffmpeg_build/lib",
					"$(PROJECT_DIR)/mkv\\ Quicklook/ffmpeg_build/lib",
				);
				MACOSX_DEPLOYMENT_TARGET = 12.4;
				MARKETING_VERSION = 1.0;
				PRODUCT_BUNDLE_IDENTIFIER = "com.oil3.Webm-Quicklook.mkv-Quicklook.QL-mkv";
				PRODUCT_NAME = "$(TARGET_NAME)";
				SKIP_INSTALL = YES;
				SWIFT_EMIT_LOC_STRINGS = YES;
				SWIFT_OBJC_BRIDGING_HEADER = "/Users/almahdiquet/Documents/mkv Quicklook/QL mkv/FFmpegBridge.h";
				SWIFT_VERSION = 5.0;
			};
			name = Release;
		};
/* End XCBuildConfiguration section */

/* Begin XCConfigurationList section */
		7D9B071D2D70124D00327D49 /* Build configuration list for PBXProject "mkv Quicklook" */ = {
			isa = XCConfigurationList;
			buildConfigurations = (
				7D9B072F2D70124E00327D49 /* Debug */,
				7D9B07302D70124E00327D49 /* Release */,
			);
			defaultConfigurationIsVisible = 0;
			defaultConfigurationName = Release;
		};
		7D9B07312D70124E00327D49 /* Build configuration list for PBXNativeTarget "mkv Quicklook" */ = {
			isa = XCConfigurationList;
			buildConfigurations = (
				7D9B07322D70124E00327D49 /* Debug */,
				7D9B07332D70124E00327D49 /* Release */,
			);
			defaultConfigurationIsVisible = 0;
			defaultConfigurationName = Release;
		};
		7DE8D4902D714B6600C06A9F /* Build configuration list for PBXNativeTarget "QL mkv" */ = {
			isa = XCConfigurationList;
			buildConfigurations = (
				7DE8D4912D714B6600C06A9F /* Debug */,
				7DE8D4922D714B6600C06A9F /* Release */,
			);
			defaultConfigurationIsVisible = 0;
			defaultConfigurationName = Release;
		};
/* End XCConfigurationList section */
	};
	rootObject = 7D9B071A2D70124D00327D49 /* Project object */;
}
